
Microsoft Visual Studio Solution File, Format Version 12.00
# Visual Studio Version 16
VisualStudioVersion = 16.0.30204.135
MinimumVisualStudioVersion = 10.0.40219.1
Project("{FAE04EC0-301F-11D3-BF4B-00C04F79EFBC}") = "segundoPrograma", "segundoPrograma\segundoPrograma.csproj", "{C036CD19-E566-4134-B4B4-496D88B4B8A9}"
EndProject
Global
	GlobalSection(SolutionConfigurationPlatforms) = preSolution
		Debug|Any CPU = Debug|Any CPU
		Release|Any CPU = Release|Any CPU
	EndGlobalSection
	GlobalSection(ProjectConfigurationPlatforms) = postSolution
		{C036CD19-E566-4134-B4B4-496D88B4B8A9}.Debug|Any CPU.ActiveCfg = Debug|Any CPU
		{C036CD19-E566-4134-B4B4-496D88B4B8A9}.Debug|Any CPU.Build.0 = Debug|Any CPU
		{C036CD19-E566-4134-B4B4-496D88B4B8A9}.Release|Any CPU.ActiveCfg = Release|Any CPU
		{C036CD19-E566-4134-B4B4-496D88B4B8A9}.Release|Any CPU.Build.0 = Release|Any CPU
	EndGlobalSection
	GlobalSection(SolutionProperties) = preSolution
		HideSolutionNode = FALSE
	EndGlobalSection
	GlobalSection(ExtensibilityGlobals) = postSolution
		SolutionGuid = {44A52D7D-2C9C-40D7-B879-747558061DD9}
	EndGlobalSection
EndGlobal
